// !$*UTF8*$!
{
	archiveVersion = 1;
	classes = {
	};
	objectVersion = 55;
	objects = {

/* Begin PBXBuildFile section */
		6E5C6A862820657700AA1050 /* CachedAsyncImage in Frameworks */ = {isa = PBXBuildFile; productRef = 6E5C6A852820657700AA1050 /* CachedAsyncImage */; };
		6E5C6A88282065EC00AA1050 /* BookGridElement.swift in Sources */ = {isa = PBXBuildFile; fileRef = 6E5C6A87282065EC00AA1050 /* BookGridElement.swift */; };
		6E5C6A8B282071C500AA1050 /* BookGrid.swift in Sources */ = {isa = PBXBuildFile; fileRef = 6E5C6A8A282071C500AA1050 /* BookGrid.swift */; };
		6E99857F281DE38C00334BAC /* Book_libraryApp.swift in Sources */ = {isa = PBXBuildFile; fileRef = 6E99857E281DE38C00334BAC /* Book_libraryApp.swift */; };
		6E998583281DE38F00334BAC /* Assets.xcassets in Resources */ = {isa = PBXBuildFile; fileRef = 6E998582281DE38F00334BAC /* Assets.xcassets */; };
		6E998586281DE38F00334BAC /* Preview Assets.xcassets in Resources */ = {isa = PBXBuildFile; fileRef = 6E998585281DE38F00334BAC /* Preview Assets.xcassets */; };
		6E998590281DE39000334BAC /* Book_libraryTests.swift in Sources */ = {isa = PBXBuildFile; fileRef = 6E99858F281DE39000334BAC /* Book_libraryTests.swift */; };
		6E99859A281DE39000334BAC /* Book_libraryUITests.swift in Sources */ = {isa = PBXBuildFile; fileRef = 6E998599281DE39000334BAC /* Book_libraryUITests.swift */; };
		6E99859C281DE39000334BAC /* Book_libraryUITestsLaunchTests.swift in Sources */ = {isa = PBXBuildFile; fileRef = 6E99859B281DE39000334BAC /* Book_libraryUITestsLaunchTests.swift */; };
		6EDF00CC281F349900398749 /* Book.swift in Sources */ = {isa = PBXBuildFile; fileRef = 6EDF00CB281F349900398749 /* Book.swift */; };
		6EDF00D1281FD9EF00398749 /* ContentView.swift in Sources */ = {isa = PBXBuildFile; fileRef = 6EDF00D0281FD9EF00398749 /* ContentView.swift */; };
		6EDF00D6282041CA00398749 /* BottomBar-SwiftUI in Frameworks */ = {isa = PBXBuildFile; productRef = 6EDF00D5282041CA00398749 /* BottomBar-SwiftUI */; };
		6EDF00D8282048FC00398749 /* LibraryHome.swift in Sources */ = {isa = PBXBuildFile; fileRef = 6EDF00D7282048FC00398749 /* LibraryHome.swift */; };
/* End PBXBuildFile section */

/* Begin PBXContainerItemProxy section */
		6E99858C281DE39000334BAC /* PBXContainerItemProxy */ = {
			isa = PBXContainerItemProxy;
			containerPortal = 6E998573281DE38C00334BAC /* Project object */;
			proxyType = 1;
			remoteGlobalIDString = 6E99857A281DE38C00334BAC;
			remoteInfo = "Book-library";
		};
		6E998596281DE39000334BAC /* PBXContainerItemProxy */ = {
			isa = PBXContainerItemProxy;
			containerPortal = 6E998573281DE38C00334BAC /* Project object */;
			proxyType = 1;
			remoteGlobalIDString = 6E99857A281DE38C00334BAC;
			remoteInfo = "Book-library";
		};
/* End PBXContainerItemProxy section */

/* Begin PBXFileReference section */
		6E5C6A87282065EC00AA1050 /* BookGridElement.swift */ = {isa = PBXFileReference; lastKnownFileType = sourcecode.swift; path = BookGridElement.swift; sourceTree = "<group>"; };
		6E5C6A8A282071C500AA1050 /* BookGrid.swift */ = {isa = PBXFileReference; lastKnownFileType = sourcecode.swift; path = BookGrid.swift; sourceTree = "<group>"; };
		6E99857B281DE38C00334BAC /* Book-library.app */ = {isa = PBXFileReference; explicitFileType = wrapper.application; includeInIndex = 0; path = "Book-library.app"; sourceTree = BUILT_PRODUCTS_DIR; };
		6E99857E281DE38C00334BAC /* Book_libraryApp.swift */ = {isa = PBXFileReference; lastKnownFileType = sourcecode.swift; path = Book_libraryApp.swift; sourceTree = "<group>"; };
		6E998582281DE38F00334BAC /* Assets.xcassets */ = {isa = PBXFileReference; lastKnownFileType = folder.assetcatalog; path = Assets.xcassets; sourceTree = "<group>"; };
		6E998585281DE38F00334BAC /* Preview Assets.xcassets */ = {isa = PBXFileReference; lastKnownFileType = folder.assetcatalog; path = "Preview Assets.xcassets"; sourceTree = "<group>"; };
		6E99858B281DE39000334BAC /* Book-libraryTests.xctest */ = {isa = PBXFileReference; explicitFileType = wrapper.cfbundle; includeInIndex = 0; path = "Book-libraryTests.xctest"; sourceTree = BUILT_PRODUCTS_DIR; };
		6E99858F281DE39000334BAC /* Book_libraryTests.swift */ = {isa = PBXFileReference; lastKnownFileType = sourcecode.swift; path = Book_libraryTests.swift; sourceTree = "<group>"; };
		6E998595281DE39000334BAC /* Book-libraryUITests.xctest */ = {isa = PBXFileReference; explicitFileType = wrapper.cfbundle; includeInIndex = 0; path = "Book-libraryUITests.xctest"; sourceTree = BUILT_PRODUCTS_DIR; };
		6E998599281DE39000334BAC /* Book_libraryUITests.swift */ = {isa = PBXFileReference; lastKnownFileType = sourcecode.swift; path = Book_libraryUITests.swift; sourceTree = "<group>"; };
		6E99859B281DE39000334BAC /* Book_libraryUITestsLaunchTests.swift */ = {isa = PBXFileReference; lastKnownFileType = sourcecode.swift; path = Book_libraryUITestsLaunchTests.swift; sourceTree = "<group>"; };
		6EDF00CB281F349900398749 /* Book.swift */ = {isa = PBXFileReference; lastKnownFileType = sourcecode.swift; path = Book.swift; sourceTree = "<group>"; };
		6EDF00D0281FD9EF00398749 /* ContentView.swift */ = {isa = PBXFileReference; lastKnownFileType = sourcecode.swift; path = ContentView.swift; sourceTree = "<group>"; };
		6EDF00D7282048FC00398749 /* LibraryHome.swift */ = {isa = PBXFileReference; lastKnownFileType = sourcecode.swift; path = LibraryHome.swift; sourceTree = "<group>"; };
/* End PBXFileReference section */

/* Begin PBXFrameworksBuildPhase section */
		6E998578281DE38C00334BAC /* Frameworks */ = {
			isa = PBXFrameworksBuildPhase;
			buildActionMask = 2147483647;
			files = (
				6EDF00D6282041CA00398749 /* BottomBar-SwiftUI in Frameworks */,
				6E5C6A862820657700AA1050 /* CachedAsyncImage in Frameworks */,
			);
			runOnlyForDeploymentPostprocessing = 0;
		};
		6E998588281DE39000334BAC /* Frameworks */ = {
			isa = PBXFrameworksBuildPhase;
			buildActionMask = 2147483647;
			files = (
			);
			runOnlyForDeploymentPostprocessing = 0;
		};
		6E998592281DE39000334BAC /* Frameworks */ = {
			isa = PBXFrameworksBuildPhase;
			buildActionMask = 2147483647;
			files = (
			);
			runOnlyForDeploymentPostprocessing = 0;
		};
/* End PBXFrameworksBuildPhase section */

/* Begin PBXGroup section */
		6E998572281DE38C00334BAC = {
			isa = PBXGroup;
			children = (
				6E99857D281DE38C00334BAC /* Book-library */,
				6E99858E281DE39000334BAC /* Book-libraryTests */,
				6E998598281DE39000334BAC /* Book-libraryUITests */,
				6E99857C281DE38C00334BAC /* Products */,
			);
			sourceTree = "<group>";
		};
		6E99857C281DE38C00334BAC /* Products */ = {
			isa = PBXGroup;
			children = (
				6E99857B281DE38C00334BAC /* Book-library.app */,
				6E99858B281DE39000334BAC /* Book-libraryTests.xctest */,
				6E998595281DE39000334BAC /* Book-libraryUITests.xctest */,
			);
			name = Products;
			sourceTree = "<group>";
		};
		6E99857D281DE38C00334BAC /* Book-library */ = {
			isa = PBXGroup;
			children = (
				6EDF00CD281FD44600398749 /* View */,
				6EDF00CA281F348E00398749 /* Model */,
				6E99857E281DE38C00334BAC /* Book_libraryApp.swift */,
				6E998582281DE38F00334BAC /* Assets.xcassets */,
				6E998584281DE38F00334BAC /* Preview Content */,
			);
			path = "Book-library";
			sourceTree = "<group>";
		};
		6E998584281DE38F00334BAC /* Preview Content */ = {
			isa = PBXGroup;
			children = (
				6E998585281DE38F00334BAC /* Preview Assets.xcassets */,
			);
			path = "Preview Content";
			sourceTree = "<group>";
		};
		6E99858E281DE39000334BAC /* Book-libraryTests */ = {
			isa = PBXGroup;
			children = (
				6E99858F281DE39000334BAC /* Book_libraryTests.swift */,
			);
			path = "Book-libraryTests";
			sourceTree = "<group>";
		};
		6E998598281DE39000334BAC /* Book-libraryUITests */ = {
			isa = PBXGroup;
			children = (
				6E998599281DE39000334BAC /* Book_libraryUITests.swift */,
				6E99859B281DE39000334BAC /* Book_libraryUITestsLaunchTests.swift */,
			);
			path = "Book-libraryUITests";
			sourceTree = "<group>";
		};
		6EDF00CA281F348E00398749 /* Model */ = {
			isa = PBXGroup;
			children = (
				6EDF00CB281F349900398749 /* Book.swift */,
			);
			path = Model;
			sourceTree = "<group>";
		};
		6EDF00CD281FD44600398749 /* View */ = {
			isa = PBXGroup;
			children = (
				6EDF00D2281FDAD700398749 /* Library */,
				6EDF00D0281FD9EF00398749 /* ContentView.swift */,
			);
			path = View;
			sourceTree = "<group>";
		};
		6EDF00D2281FDAD700398749 /* Library */ = {
			isa = PBXGroup;
			children = (
				6EDF00D7282048FC00398749 /* LibraryHome.swift */,
				6E5C6A87282065EC00AA1050 /* BookGridElement.swift */,
				6E5C6A8A282071C500AA1050 /* BookGrid.swift */,
			);
			path = Library;
			sourceTree = "<group>";
		};
/* End PBXGroup section */

/* Begin PBXNativeTarget section */
		6E99857A281DE38C00334BAC /* Book-library */ = {
			isa = PBXNativeTarget;
			buildConfigurationList = 6E99859F281DE39000334BAC /* Build configuration list for PBXNativeTarget "Book-library" */;
			buildPhases = (
				6E998577281DE38C00334BAC /* Sources */,
				6E998578281DE38C00334BAC /* Frameworks */,
				6E998579281DE38C00334BAC /* Resources */,
			);
			buildRules = (
			);
			dependencies = (
			);
			name = "Book-library";
			packageProductDependencies = (
				6EDF00D5282041CA00398749 /* BottomBar-SwiftUI */,
				6E5C6A852820657700AA1050 /* CachedAsyncImage */,
			);
			productName = "Book-library";
			productReference = 6E99857B281DE38C00334BAC /* Book-library.app */;
			productType = "com.apple.product-type.application";
		};
		6E99858A281DE39000334BAC /* Book-libraryTests */ = {
			isa = PBXNativeTarget;
			buildConfigurationList = 6E9985A2281DE39000334BAC /* Build configuration list for PBXNativeTarget "Book-libraryTests" */;
			buildPhases = (
				6E998587281DE39000334BAC /* Sources */,
				6E998588281DE39000334BAC /* Frameworks */,
				6E998589281DE39000334BAC /* Resources */,
			);
			buildRules = (
			);
			dependencies = (
				6E99858D281DE39000334BAC /* PBXTargetDependency */,
			);
			name = "Book-libraryTests";
			productName = "Book-libraryTests";
			productReference = 6E99858B281DE39000334BAC /* Book-libraryTests.xctest */;
			productType = "com.apple.product-type.bundle.unit-test";
		};
		6E998594281DE39000334BAC /* Book-libraryUITests */ = {
			isa = PBXNativeTarget;
			buildConfigurationList = 6E9985A5281DE39000334BAC /* Build configuration list for PBXNativeTarget "Book-libraryUITests" */;
			buildPhases = (
				6E998591281DE39000334BAC /* Sources */,
				6E998592281DE39000334BAC /* Frameworks */,
				6E998593281DE39000334BAC /* Resources */,
			);
			buildRules = (
			);
			dependencies = (
				6E998597281DE39000334BAC /* PBXTargetDependency */,
			);
			name = "Book-libraryUITests";
			productName = "Book-libraryUITests";
			productReference = 6E998595281DE39000334BAC /* Book-libraryUITests.xctest */;
			productType = "com.apple.product-type.bundle.ui-testing";
		};
/* End PBXNativeTarget section */

/* Begin PBXProject section */
		6E998573281DE38C00334BAC /* Project object */ = {
			isa = PBXProject;
			attributes = {
				BuildIndependentTargetsInParallel = 1;
				LastSwiftUpdateCheck = 1330;
				LastUpgradeCheck = 1330;
				TargetAttributes = {
					6E99857A281DE38C00334BAC = {
						CreatedOnToolsVersion = 13.3.1;
					};
					6E99858A281DE39000334BAC = {
						CreatedOnToolsVersion = 13.3.1;
						TestTargetID = 6E99857A281DE38C00334BAC;
					};
					6E998594281DE39000334BAC = {
						CreatedOnToolsVersion = 13.3.1;
						TestTargetID = 6E99857A281DE38C00334BAC;
					};
				};
			};
			buildConfigurationList = 6E998576281DE38C00334BAC /* Build configuration list for PBXProject "Book-library" */;
			compatibilityVersion = "Xcode 13.0";
			developmentRegion = en;
			hasScannedForEncodings = 0;
			knownRegions = (
				en,
				Base,
			);
			mainGroup = 6E998572281DE38C00334BAC;
			packageReferences = (
				6EDF00D4282041CA00398749 /* XCRemoteSwiftPackageReference "bottombar-swiftui" */,
				6E5C6A842820657700AA1050 /* XCRemoteSwiftPackageReference "swiftui-cached-async-image" */,
			);
			productRefGroup = 6E99857C281DE38C00334BAC /* Products */;
			projectDirPath = "";
			projectRoot = "";
			targets = (
				6E99857A281DE38C00334BAC /* Book-library */,
				6E99858A281DE39000334BAC /* Book-libraryTests */,
				6E998594281DE39000334BAC /* Book-libraryUITests */,
			);
		};
/* End PBXProject section */

/* Begin PBXResourcesBuildPhase section */
		6E998579281DE38C00334BAC /* Resources */ = {
			isa = PBXResourcesBuildPhase;
			buildActionMask = 2147483647;
			files = (
				6E998586281DE38F00334BAC /* Preview Assets.xcassets in Resources */,
				6E998583281DE38F00334BAC /* Assets.xcassets in Resources */,
			);
			runOnlyForDeploymentPostprocessing = 0;
		};
		6E998589281DE39000334BAC /* Resources */ = {
			isa = PBXResourcesBuildPhase;
			buildActionMask = 2147483647;
			files = (
			);
			runOnlyForDeploymentPostprocessing = 0;
		};
		6E998593281DE39000334BAC /* Resources */ = {
			isa = PBXResourcesBuildPhase;
			buildActionMask = 2147483647;
			files = (
			);
			runOnlyForDeploymentPostprocessing = 0;
		};
/* End PBXResourcesBuildPhase section */

/* Begin PBXSourcesBuildPhase section */
		6E998577281DE38C00334BAC /* Sources */ = {
			isa = PBXSourcesBuildPhase;
			buildActionMask = 2147483647;
			files = (
				6E99857F281DE38C00334BAC /* Book_libraryApp.swift in Sources */,
				6EDF00D1281FD9EF00398749 /* ContentView.swift in Sources */,
				6EDF00D8282048FC00398749 /* LibraryHome.swift in Sources */,
				6E5C6A88282065EC00AA1050 /* BookGridElement.swift in Sources */,
				6E5C6A8B282071C500AA1050 /* BookGrid.swift in Sources */,
				6EDF00CC281F349900398749 /* Book.swift in Sources */,
			);
			runOnlyForDeploymentPostprocessing = 0;
		};
		6E998587281DE39000334BAC /* Sources */ = {
			isa = PBXSourcesBuildPhase;
			buildActionMask = 2147483647;
			files = (
				6E998590281DE39000334BAC /* Book_libraryTests.swift in Sources */,
			);
			runOnlyForDeploymentPostprocessing = 0;
		};
		6E998591281DE39000334BAC /* Sources */ = {
			isa = PBXSourcesBuildPhase;
			buildActionMask = 2147483647;
			files = (
				6E99859A281DE39000334BAC /* Book_libraryUITests.swift in Sources */,
				6E99859C281DE39000334BAC /* Book_libraryUITestsLaunchTests.swift in Sources */,
			);
			runOnlyForDeploymentPostprocessing = 0;
		};
/* End PBXSourcesBuildPhase section */

/* Begin PBXTargetDependency section */
		6E99858D281DE39000334BAC /* PBXTargetDependency */ = {
			isa = PBXTargetDependency;
			target = 6E99857A281DE38C00334BAC /* Book-library */;
			targetProxy = 6E99858C281DE39000334BAC /* PBXContainerItemProxy */;
		};
		6E998597281DE39000334BAC /* PBXTargetDependency */ = {
			isa = PBXTargetDependency;
			target = 6E99857A281DE38C00334BAC /* Book-library */;
			targetProxy = 6E998596281DE39000334BAC /* PBXContainerItemProxy */;
		};
/* End PBXTargetDependency section */

/* Begin XCBuildConfiguration section */
		6E99859D281DE39000334BAC /* Debug */ = {
			isa = XCBuildConfiguration;
			buildSettings = {
				ALWAYS_SEARCH_USER_PATHS = NO;
				CLANG_ANALYZER_NONNULL = YES;
				CLANG_ANALYZER_NUMBER_OBJECT_CONVERSION = YES_AGGRESSIVE;
				CLANG_CXX_LANGUAGE_STANDARD = "gnu++17";
				CLANG_ENABLE_MODULES = YES;
				CLANG_ENABLE_OBJC_ARC = YES;
				CLANG_ENABLE_OBJC_WEAK = YES;
				CLANG_WARN_BLOCK_CAPTURE_AUTORELEASING = YES;
				CLANG_WARN_BOOL_CONVERSION = YES;
				CLANG_WARN_COMMA = YES;
				CLANG_WARN_CONSTANT_CONVERSION = YES;
				CLANG_WARN_DEPRECATED_OBJC_IMPLEMENTATIONS = YES;
				CLANG_WARN_DIRECT_OBJC_ISA_USAGE = YES_ERROR;
				CLANG_WARN_DOCUMENTATION_COMMENTS = YES;
				CLANG_WARN_EMPTY_BODY = YES;
				CLANG_WARN_ENUM_CONVERSION = YES;
				CLANG_WARN_INFINITE_RECURSION = YES;
				CLANG_WARN_INT_CONVERSION = YES;
				CLANG_WARN_NON_LITERAL_NULL_CONVERSION = YES;
				CLANG_WARN_OBJC_IMPLICIT_RETAIN_SELF = YES;
				CLANG_WARN_OBJC_LITERAL_CONVERSION = YES;
				CLANG_WARN_OBJC_ROOT_CLASS = YES_ERROR;
				CLANG_WARN_QUOTED_INCLUDE_IN_FRAMEWORK_HEADER = YES;
				CLANG_WARN_RANGE_LOOP_ANALYSIS = YES;
				CLANG_WARN_STRICT_PROTOTYPES = YES;
				CLANG_WARN_SUSPICIOUS_MOVE = YES;
				CLANG_WARN_UNGUARDED_AVAILABILITY = YES_AGGRESSIVE;
				CLANG_WARN_UNREACHABLE_CODE = YES;
				CLANG_WARN__DUPLICATE_METHOD_MATCH = YES;
				COPY_PHASE_STRIP = NO;
				DEBUG_INFORMATION_FORMAT = dwarf;
				ENABLE_STRICT_OBJC_MSGSEND = YES;
				ENABLE_TESTABILITY = YES;
				GCC_C_LANGUAGE_STANDARD = gnu11;
				GCC_DYNAMIC_NO_PIC = NO;
				GCC_NO_COMMON_BLOCKS = YES;
				GCC_OPTIMIZATION_LEVEL = 0;
				GCC_PREPROCESSOR_DEFINITIONS = (
					"DEBUG=1",
					"$(inherited)",
				);
				GCC_WARN_64_TO_32_BIT_CONVERSION = YES;
				GCC_WARN_ABOUT_RETURN_TYPE = YES_ERROR;
				GCC_WARN_UNDECLARED_SELECTOR = YES;
				GCC_WARN_UNINITIALIZED_AUTOS = YES_AGGRESSIVE;
				GCC_WARN_UNUSED_FUNCTION = YES;
				GCC_WARN_UNUSED_VARIABLE = YES;
				IPHONEOS_DEPLOYMENT_TARGET = 15.4;
				MTL_ENABLE_DEBUG_INFO = INCLUDE_SOURCE;
				MTL_FAST_MATH = YES;
				ONLY_ACTIVE_ARCH = YES;
				SDKROOT = iphoneos;
				SWIFT_ACTIVE_COMPILATION_CONDITIONS = DEBUG;
				SWIFT_OPTIMIZATION_LEVEL = "-Onone";
			};
			name = Debug;
		};
		6E99859E281DE39000334BAC /* Release */ = {
			isa = XCBuildConfiguration;
			buildSettings = {
				ALWAYS_SEARCH_USER_PATHS = NO;
				CLANG_ANALYZER_NONNULL = YES;
				CLANG_ANALYZER_NUMBER_OBJECT_CONVERSION = YES_AGGRESSIVE;
				CLANG_CXX_LANGUAGE_STANDARD = "gnu++17";
				CLANG_ENABLE_MODULES = YES;
				CLANG_ENABLE_OBJC_ARC = YES;
				CLANG_ENABLE_OBJC_WEAK = YES;
				CLANG_WARN_BLOCK_CAPTURE_AUTORELEASING = YES;
				CLANG_WARN_BOOL_CONVERSION = YES;
				CLANG_WARN_COMMA = YES;
				CLANG_WARN_CONSTANT_CONVERSION = YES;
				CLANG_WARN_DEPRECATED_OBJC_IMPLEMENTATIONS = YES;
				CLANG_WARN_DIRECT_OBJC_ISA_USAGE = YES_ERROR;
				CLANG_WARN_DOCUMENTATION_COMMENTS = YES;
				CLANG_WARN_EMPTY_BODY = YES;
				CLANG_WARN_ENUM_CONVERSION = YES;
				CLANG_WARN_INFINITE_RECURSION = YES;
				CLANG_WARN_INT_CONVERSION = YES;
				CLANG_WARN_NON_LITERAL_NULL_CONVERSION = YES;
				CLANG_WARN_OBJC_IMPLICIT_RETAIN_SELF = YES;
				CLANG_WARN_OBJC_LITERAL_CONVERSION = YES;
				CLANG_WARN_OBJC_ROOT_CLASS = YES_ERROR;
				CLANG_WARN_QUOTED_INCLUDE_IN_FRAMEWORK_HEADER = YES;
				CLANG_WARN_RANGE_LOOP_ANALYSIS = YES;
				CLANG_WARN_STRICT_PROTOTYPES = YES;
				CLANG_WARN_SUSPICIOUS_MOVE = YES;
				CLANG_WARN_UNGUARDED_AVAILABILITY = YES_AGGRESSIVE;
				CLANG_WARN_UNREACHABLE_CODE = YES;
				CLANG_WARN__DUPLICATE_METHOD_MATCH = YES;
				COPY_PHASE_STRIP = NO;
				DEBUG_INFORMATION_FORMAT = "dwarf-with-dsym";
				ENABLE_NS_ASSERTIONS = NO;
				ENABLE_STRICT_OBJC_MSGSEND = YES;
				GCC_C_LANGUAGE_STANDARD = gnu11;
				GCC_NO_COMMON_BLOCKS = YES;
				GCC_WARN_64_TO_32_BIT_CONVERSION = YES;
				GCC_WARN_ABOUT_RETURN_TYPE = YES_ERROR;
				GCC_WARN_UNDECLARED_SELECTOR = YES;
				GCC_WARN_UNINITIALIZED_AUTOS = YES_AGGRESSIVE;
				GCC_WARN_UNUSED_FUNCTION = YES;
				GCC_WARN_UNUSED_VARIABLE = YES;
				IPHONEOS_DEPLOYMENT_TARGET = 15.4;
				MTL_ENABLE_DEBUG_INFO = NO;
				MTL_FAST_MATH = YES;
				SDKROOT = iphoneos;
				SWIFT_COMPILATION_MODE = wholemodule;
				SWIFT_OPTIMIZATION_LEVEL = "-O";
				VALIDATE_PRODUCT = YES;
			};
			name = Release;
		};
		6E9985A0281DE39000334BAC /* Debug */ = {
			isa = XCBuildConfiguration;
			buildSettings = {
				ASSETCATALOG_COMPILER_APPICON_NAME = AppIcon;
				ASSETCATALOG_COMPILER_GLOBAL_ACCENT_COLOR_NAME = AccentColor;
				CODE_SIGN_STYLE = Automatic;
				CURRENT_PROJECT_VERSION = 1;
				DEVELOPMENT_ASSET_PATHS = "\"Book-library/Preview Content\"";
				DEVELOPMENT_TEAM = 8PQG8XRUPR;
				ENABLE_PREVIEWS = YES;
				GENERATE_INFOPLIST_FILE = YES;
				INFOPLIST_KEY_UIApplicationSceneManifest_Generation = YES;
				INFOPLIST_KEY_UIApplicationSupportsIndirectInputEvents = YES;
				INFOPLIST_KEY_UILaunchScreen_Generation = YES;
				INFOPLIST_KEY_UISupportedInterfaceOrientations_iPad = "UIInterfaceOrientationPortrait UIInterfaceOrientationPortraitUpsideDown UIInterfaceOrientationLandscapeLeft UIInterfaceOrientationLandscapeRight";
				INFOPLIST_KEY_UISupportedInterfaceOrientations_iPhone = "UIInterfaceOrientationPortrait UIInterfaceOrientationLandscapeLeft UIInterfaceOrientationLandscapeRight";
				LD_RUNPATH_SEARCH_PATHS = (
					"$(inherited)",
					"@executable_path/Frameworks",
				);
				MARKETING_VERSION = 1.0;
				PRODUCT_BUNDLE_IDENTIFIER = "com.abeehiltz.apps.Book-library";
				PRODUCT_NAME = "$(TARGET_NAME)";
				SWIFT_EMIT_LOC_STRINGS = YES;
				SWIFT_VERSION = 5.0;
				TARGETED_DEVICE_FAMILY = "1,2";
			};
			name = Debug;
		};
		6E9985A1281DE39000334BAC /* Release */ = {
			isa = XCBuildConfiguration;
			buildSettings = {
				ASSETCATALOG_COMPILER_APPICON_NAME = AppIcon;
				ASSETCATALOG_COMPILER_GLOBAL_ACCENT_COLOR_NAME = AccentColor;
				CODE_SIGN_STYLE = Automatic;
				CURRENT_PROJECT_VERSION = 1;
				DEVELOPMENT_ASSET_PATHS = "\"Book-library/Preview Content\"";
				DEVELOPMENT_TEAM = 8PQG8XRUPR;
				ENABLE_PREVIEWS = YES;
				GENERATE_INFOPLIST_FILE = YES;
				INFOPLIST_KEY_UIApplicationSceneManifest_Generation = YES;
				INFOPLIST_KEY_UIApplicationSupportsIndirectInputEvents = YES;
				INFOPLIST_KEY_UILaunchScreen_Generation = YES;
				INFOPLIST_KEY_UISupportedInterfaceOrientations_iPad = "UIInterfaceOrientationPortrait UIInterfaceOrientationPortraitUpsideDown UIInterfaceOrientationLandscapeLeft UIInterfaceOrientationLandscapeRight";
				INFOPLIST_KEY_UISupportedInterfaceOrientations_iPhone = "UIInterfaceOrientationPortrait UIInterfaceOrientationLandscapeLeft UIInterfaceOrientationLandscapeRight";
				LD_RUNPATH_SEARCH_PATHS = (
					"$(inherited)",
					"@executable_path/Frameworks",
				);
				MARKETING_VERSION = 1.0;
				PRODUCT_BUNDLE_IDENTIFIER = "com.abeehiltz.apps.Book-library";
				PRODUCT_NAME = "$(TARGET_NAME)";
				SWIFT_EMIT_LOC_STRINGS = YES;
				SWIFT_VERSION = 5.0;
				TARGETED_DEVICE_FAMILY = "1,2";
			};
			name = Release;
		};
		6E9985A3281DE39000334BAC /* Debug */ = {
			isa = XCBuildConfiguration;
			buildSettings = {
				ALWAYS_EMBED_SWIFT_STANDARD_LIBRARIES = YES;
				BUNDLE_LOADER = "$(TEST_HOST)";
				CODE_SIGN_STYLE = Automatic;
				CURRENT_PROJECT_VERSION = 1;
				DEVELOPMENT_TEAM = 8PQG8XRUPR;
				GENERATE_INFOPLIST_FILE = YES;
				IPHONEOS_DEPLOYMENT_TARGET = 15.4;
				MARKETING_VERSION = 1.0;
				PRODUCT_BUNDLE_IDENTIFIER = "com.abeehiltz.apps.Book-libraryTests";
				PRODUCT_NAME = "$(TARGET_NAME)";
				SWIFT_EMIT_LOC_STRINGS = NO;
				SWIFT_VERSION = 5.0;
				TARGETED_DEVICE_FAMILY = "1,2";
				TEST_HOST = "$(BUILT_PRODUCTS_DIR)/Book-library.app/Book-library";
			};
			name = Debug;
		};
		6E9985A4281DE39000334BAC /* Release */ = {
			isa = XCBuildConfiguration;
			buildSettings = {
				ALWAYS_EMBED_SWIFT_STANDARD_LIBRARIES = YES;
				BUNDLE_LOADER = "$(TEST_HOST)";
				CODE_SIGN_STYLE = Automatic;
				CURRENT_PROJECT_VERSION = 1;
				DEVELOPMENT_TEAM = 8PQG8XRUPR;
				GENERATE_INFOPLIST_FILE = YES;
				IPHONEOS_DEPLOYMENT_TARGET = 15.4;
				MARKETING_VERSION = 1.0;
				PRODUCT_BUNDLE_IDENTIFIER = "com.abeehiltz.apps.Book-libraryTests";
				PRODUCT_NAME = "$(TARGET_NAME)";
				SWIFT_EMIT_LOC_STRINGS = NO;
				SWIFT_VERSION = 5.0;
				TARGETED_DEVICE_FAMILY = "1,2";
				TEST_HOST = "$(BUILT_PRODUCTS_DIR)/Book-library.app/Book-library";
			};
			name = Release;
		};
		6E9985A6281DE39000334BAC /* Debug */ = {
			isa = XCBuildConfiguration;
			buildSettings = {
				ALWAYS_EMBED_SWIFT_STANDARD_LIBRARIES = YES;
				CODE_SIGN_STYLE = Automatic;
				CURRENT_PROJECT_VERSION = 1;
				DEVELOPMENT_TEAM = 8PQG8XRUPR;
				GENERATE_INFOPLIST_FILE = YES;
				MARKETING_VERSION = 1.0;
				PRODUCT_BUNDLE_IDENTIFIER = "com.abeehiltz.apps.Book-libraryUITests";
				PRODUCT_NAME = "$(TARGET_NAME)";
				SWIFT_EMIT_LOC_STRINGS = NO;
				SWIFT_VERSION = 5.0;
				TARGETED_DEVICE_FAMILY = "1,2";
				TEST_TARGET_NAME = "Book-library";
			};
			name = Debug;
		};
		6E9985A7281DE39000334BAC /* Release */ = {
			isa = XCBuildConfiguration;
			buildSettings = {
				ALWAYS_EMBED_SWIFT_STANDARD_LIBRARIES = YES;
				CODE_SIGN_STYLE = Automatic;
				CURRENT_PROJECT_VERSION = 1;
				DEVELOPMENT_TEAM = 8PQG8XRUPR;
				GENERATE_INFOPLIST_FILE = YES;
				MARKETING_VERSION = 1.0;
				PRODUCT_BUNDLE_IDENTIFIER = "com.abeehiltz.apps.Book-libraryUITests";
				PRODUCT_NAME = "$(TARGET_NAME)";
				SWIFT_EMIT_LOC_STRINGS = NO;
				SWIFT_VERSION = 5.0;
				TARGETED_DEVICE_FAMILY = "1,2";
				TEST_TARGET_NAME = "Book-library";
			};
			name = Release;
		};
/* End XCBuildConfiguration section */

/* Begin XCConfigurationList section */
		6E998576281DE38C00334BAC /* Build configuration list for PBXProject "Book-library" */ = {
			isa = XCConfigurationList;
			buildConfigurations = (
				6E99859D281DE39000334BAC /* Debug */,
				6E99859E281DE39000334BAC /* Release */,
			);
			defaultConfigurationIsVisible = 0;
			defaultConfigurationName = Release;
		};
		6E99859F281DE39000334BAC /* Build configuration list for PBXNativeTarget "Book-library" */ = {
			isa = XCConfigurationList;
			buildConfigurations = (
				6E9985A0281DE39000334BAC /* Debug */,
				6E9985A1281DE39000334BAC /* Release */,
			);
			defaultConfigurationIsVisible = 0;
			defaultConfigurationName = Release;
		};
		6E9985A2281DE39000334BAC /* Build configuration list for PBXNativeTarget "Book-libraryTests" */ = {
			isa = XCConfigurationList;
			buildConfigurations = (
				6E9985A3281DE39000334BAC /* Debug */,
				6E9985A4281DE39000334BAC /* Release */,
			);
			defaultConfigurationIsVisible = 0;
			defaultConfigurationName = Release;
		};
		6E9985A5281DE39000334BAC /* Build configuration list for PBXNativeTarget "Book-libraryUITests" */ = {
			isa = XCConfigurationList;
			buildConfigurations = (
				6E9985A6281DE39000334BAC /* Debug */,
				6E9985A7281DE39000334BAC /* Release */,
			);
			defaultConfigurationIsVisible = 0;
			defaultConfigurationName = Release;
		};
/* End XCConfigurationList section */

/* Begin XCRemoteSwiftPackageReference section */
		6E5C6A842820657700AA1050 /* XCRemoteSwiftPackageReference "swiftui-cached-async-image" */ = {
			isa = XCRemoteSwiftPackageReference;
			repositoryURL = "https://github.com/lorenzofiamingo/swiftui-cached-async-image";
			requirement = {
				kind = upToNextMajorVersion;
				minimumVersion = 2.0.0;
			};
		};
		6EDF00D4282041CA00398749 /* XCRemoteSwiftPackageReference "bottombar-swiftui" */ = {
			isa = XCRemoteSwiftPackageReference;
			repositoryURL = "https://github.com/smartvipere75/bottombar-swiftui";
			requirement = {
				branch = master;
				kind = branch;
			};
		};
/* End XCRemoteSwiftPackageReference section */

/* Begin XCSwiftPackageProductDependency section */
		6E5C6A852820657700AA1050 /* CachedAsyncImage */ = {
			isa = XCSwiftPackageProductDependency;
			package = 6E5C6A842820657700AA1050 /* XCRemoteSwiftPackageReference "swiftui-cached-async-image" */;
			productName = CachedAsyncImage;
		};
		6EDF00D5282041CA00398749 /* BottomBar-SwiftUI */ = {
			isa = XCSwiftPackageProductDependency;
			package = 6EDF00D4282041CA00398749 /* XCRemoteSwiftPackageReference "bottombar-swiftui" */;
			productName = "BottomBar-SwiftUI";
		};
/* End XCSwiftPackageProductDependency section */
	};
	rootObject = 6E998573281DE38C00334BAC /* Project object */;
}
